// !$*UTF8*$!
{
	archiveVersion = 1;
	classes = {
	};
	objectVersion = 56;
	objects = {

/* Begin PBXBuildFile section */
		A6317F1C2982618A003F57CC /* EarthquakeApp.swift in Sources */ = {isa = PBXBuildFile; fileRef = A6317F1B2982618A003F57CC /* EarthquakeApp.swift */; };
		A6317F1E2982618A003F57CC /* ContentView.swift in Sources */ = {isa = PBXBuildFile; fileRef = A6317F1D2982618A003F57CC /* ContentView.swift */; };
		A6317F202982618B003F57CC /* Assets.xcassets in Resources */ = {isa = PBXBuildFile; fileRef = A6317F1F2982618B003F57CC /* Assets.xcassets */; };
		A6317F232982618B003F57CC /* Preview Assets.xcassets in Resources */ = {isa = PBXBuildFile; fileRef = A6317F222982618B003F57CC /* Preview Assets.xcassets */; };
		A6317F2D2982618B003F57CC /* EarthquakeTests.swift in Sources */ = {isa = PBXBuildFile; fileRef = A6317F2C2982618B003F57CC /* EarthquakeTests.swift */; };
		A6317F372982618B003F57CC /* EarthquakeUITests.swift in Sources */ = {isa = PBXBuildFile; fileRef = A6317F362982618B003F57CC /* EarthquakeUITests.swift */; };
		A6317F392982618B003F57CC /* EarthquakeUITestsLaunchTests.swift in Sources */ = {isa = PBXBuildFile; fileRef = A6317F382982618B003F57CC /* EarthquakeUITestsLaunchTests.swift */; };
/* End PBXBuildFile section */

/* Begin PBXContainerItemProxy section */
		A6317F292982618B003F57CC /* PBXContainerItemProxy */ = {
			isa = PBXContainerItemProxy;
			containerPortal = A6317F102982618A003F57CC /* Project object */;
			proxyType = 1;
			remoteGlobalIDString = A6317F172982618A003F57CC;
			remoteInfo = Earthquake;
		};
		A6317F332982618B003F57CC /* PBXContainerItemProxy */ = {
			isa = PBXContainerItemProxy;
			containerPortal = A6317F102982618A003F57CC /* Project object */;
			proxyType = 1;
			remoteGlobalIDString = A6317F172982618A003F57CC;
			remoteInfo = Earthquake;
		};
/* End PBXContainerItemProxy section */

/* Begin PBXFileReference section */
		A6317F182982618A003F57CC /* Earthquake.app */ = {isa = PBXFileReference; explicitFileType = wrapper.application; includeInIndex = 0; path = Earthquake.app; sourceTree = BUILT_PRODUCTS_DIR; };
		A6317F1B2982618A003F57CC /* EarthquakeApp.swift */ = {isa = PBXFileReference; lastKnownFileType = sourcecode.swift; path = EarthquakeApp.swift; sourceTree = "<group>"; };
		A6317F1D2982618A003F57CC /* ContentView.swift */ = {isa = PBXFileReference; lastKnownFileType = sourcecode.swift; path = ContentView.swift; sourceTree = "<group>"; };
		A6317F1F2982618B003F57CC /* Assets.xcassets */ = {isa = PBXFileReference; lastKnownFileType = folder.assetcatalog; path = Assets.xcassets; sourceTree = "<group>"; };
		A6317F222982618B003F57CC /* Preview Assets.xcassets */ = {isa = PBXFileReference; lastKnownFileType = folder.assetcatalog; path = "Preview Assets.xcassets"; sourceTree = "<group>"; };
		A6317F282982618B003F57CC /* EarthquakeTests.xctest */ = {isa = PBXFileReference; explicitFileType = wrapper.cfbundle; includeInIndex = 0; path = EarthquakeTests.xctest; sourceTree = BUILT_PRODUCTS_DIR; };
		A6317F2C2982618B003F57CC /* EarthquakeTests.swift */ = {isa = PBXFileReference; lastKnownFileType = sourcecode.swift; path = EarthquakeTests.swift; sourceTree = "<group>"; };
		A6317F322982618B003F57CC /* EarthquakeUITests.xctest */ = {isa = PBXFileReference; explicitFileType = wrapper.cfbundle; includeInIndex = 0; path = EarthquakeUITests.xctest; sourceTree = BUILT_PRODUCTS_DIR; };
		A6317F362982618B003F57CC /* EarthquakeUITests.swift */ = {isa = PBXFileReference; lastKnownFileType = sourcecode.swift; path = EarthquakeUITests.swift; sourceTree = "<group>"; };
		A6317F382982618B003F57CC /* EarthquakeUITestsLaunchTests.swift */ = {isa = PBXFileReference; lastKnownFileType = sourcecode.swift; path = EarthquakeUITestsLaunchTests.swift; sourceTree = "<group>"; };
/* End PBXFileReference section */

/* Begin PBXFrameworksBuildPhase section */
		A6317F152982618A003F57CC /* Frameworks */ = {
			isa = PBXFrameworksBuildPhase;
			buildActionMask = 2147483647;
			files = (
			);
			runOnlyForDeploymentPostprocessing = 0;
		};
		A6317F252982618B003F57CC /* Frameworks */ = {
			isa = PBXFrameworksBuildPhase;
			buildActionMask = 2147483647;
			files = (
			);
			runOnlyForDeploymentPostprocessing = 0;
		};
		A6317F2F2982618B003F57CC /* Frameworks */ = {
			isa = PBXFrameworksBuildPhase;
			buildActionMask = 2147483647;
			files = (
			);
			runOnlyForDeploymentPostprocessing = 0;
		};
/* End PBXFrameworksBuildPhase section */

/* Begin PBXGroup section */
		A6317F0F2982618A003F57CC = {
			isa = PBXGroup;
			children = (
				A6317F1A2982618A003F57CC /* Earthquake */,
				A6317F2B2982618B003F57CC /* EarthquakeTests */,
				A6317F352982618B003F57CC /* EarthquakeUITests */,
				A6317F192982618A003F57CC /* Products */,
			);
			sourceTree = "<group>";
		};
		A6317F192982618A003F57CC /* Products */ = {
			isa = PBXGroup;
			children = (
				A6317F182982618A003F57CC /* Earthquake.app */,
				A6317F282982618B003F57CC /* EarthquakeTests.xctest */,
				A6317F322982618B003F57CC /* EarthquakeUITests.xctest */,
			);
			name = Products;
			sourceTree = "<group>";
		};
		A6317F1A2982618A003F57CC /* Earthquake */ = {
			isa = PBXGroup;
			children = (
				A6317F1B2982618A003F57CC /* EarthquakeApp.swift */,
				A6317F1D2982618A003F57CC /* ContentView.swift */,
				A6317F1F2982618B003F57CC /* Assets.xcassets */,
				A6317F212982618B003F57CC /* Preview Content */,
			);
			path = Earthquake;
			sourceTree = "<group>";
		};
		A6317F212982618B003F57CC /* Preview Content */ = {
			isa = PBXGroup;
			children = (
				A6317F222982618B003F57CC /* Preview Assets.xcassets */,
			);
			path = "Preview Content";
			sourceTree = "<group>";
		};
		A6317F2B2982618B003F57CC /* EarthquakeTests */ = {
			isa = PBXGroup;
			children = (
				A6317F2C2982618B003F57CC /* EarthquakeTests.swift */,
			);
			path = EarthquakeTests;
			sourceTree = "<group>";
		};
		A6317F352982618B003F57CC /* EarthquakeUITests */ = {
			isa = PBXGroup;
			children = (
				A6317F362982618B003F57CC /* EarthquakeUITests.swift */,
				A6317F382982618B003F57CC /* EarthquakeUITestsLaunchTests.swift */,
			);
			path = EarthquakeUITests;
			sourceTree = "<group>";
		};
/* End PBXGroup section */

/* Begin PBXNativeTarget section */
		A6317F172982618A003F57CC /* Earthquake */ = {
			isa = PBXNativeTarget;
			buildConfigurationList = A6317F3C2982618B003F57CC /* Build configuration list for PBXNativeTarget "Earthquake" */;
			buildPhases = (
				A6317F142982618A003F57CC /* Sources */,
				A6317F152982618A003F57CC /* Frameworks */,
				A6317F162982618A003F57CC /* Resources */,
			);
			buildRules = (
			);
			dependencies = (
			);
			name = Earthquake;
			productName = Earthquake;
			productReference = A6317F182982618A003F57CC /* Earthquake.app */;
			productType = "com.apple.product-type.application";
		};
		A6317F272982618B003F57CC /* EarthquakeTests */ = {
			isa = PBXNativeTarget;
			buildConfigurationList = A6317F3F2982618B003F57CC /* Build configuration list for PBXNativeTarget "EarthquakeTests" */;
			buildPhases = (
				A6317F242982618B003F57CC /* Sources */,
				A6317F252982618B003F57CC /* Frameworks */,
				A6317F262982618B003F57CC /* Resources */,
			);
			buildRules = (
			);
			dependencies = (
				A6317F2A2982618B003F57CC /* PBXTargetDependency */,
			);
			name = EarthquakeTests;
			productName = EarthquakeTests;
			productReference = A6317F282982618B003F57CC /* EarthquakeTests.xctest */;
			productType = "com.apple.product-type.bundle.unit-test";
		};
		A6317F312982618B003F57CC /* EarthquakeUITests */ = {
			isa = PBXNativeTarget;
			buildConfigurationList = A6317F422982618B003F57CC /* Build configuration list for PBXNativeTarget "EarthquakeUITests" */;
			buildPhases = (
				A6317F2E2982618B003F57CC /* Sources */,
				A6317F2F2982618B003F57CC /* Frameworks */,
				A6317F302982618B003F57CC /* Resources */,
			);
			buildRules = (
			);
			dependencies = (
				A6317F342982618B003F57CC /* PBXTargetDependency */,
			);
			name = EarthquakeUITests;
			productName = EarthquakeUITests;
			productReference = A6317F322982618B003F57CC /* EarthquakeUITests.xctest */;
			productType = "com.apple.product-type.bundle.ui-testing";
		};
/* End PBXNativeTarget section */

/* Begin PBXProject section */
		A6317F102982618A003F57CC /* Project object */ = {
			isa = PBXProject;
			attributes = {
				BuildIndependentTargetsInParallel = 1;
				LastSwiftUpdateCheck = 1420;
				LastUpgradeCheck = 1420;
				TargetAttributes = {
					A6317F172982618A003F57CC = {
						CreatedOnToolsVersion = 14.2;
					};
					A6317F272982618B003F57CC = {
						CreatedOnToolsVersion = 14.2;
						TestTargetID = A6317F172982618A003F57CC;
					};
					A6317F312982618B003F57CC = {
						CreatedOnToolsVersion = 14.2;
						TestTargetID = A6317F172982618A003F57CC;
					};
				};
			};
			buildConfigurationList = A6317F132982618A003F57CC /* Build configuration list for PBXProject "Earthquake" */;
			compatibilityVersion = "Xcode 14.0";
			developmentRegion = en;
			hasScannedForEncodings = 0;
			knownRegions = (
				en,
				Base,
			);
			mainGroup = A6317F0F2982618A003F57CC;
			productRefGroup = A6317F192982618A003F57CC /* Products */;
			projectDirPath = "";
			projectRoot = "";
			targets = (
				A6317F172982618A003F57CC /* Earthquake */,
				A6317F272982618B003F57CC /* EarthquakeTests */,
				A6317F312982618B003F57CC /* EarthquakeUITests */,
			);
		};
/* End PBXProject section */

/* Begin PBXResourcesBuildPhase section */
		A6317F162982618A003F57CC /* Resources */ = {
			isa = PBXResourcesBuildPhase;
			buildActionMask = 2147483647;
			files = (
				A6317F232982618B003F57CC /* Preview Assets.xcassets in Resources */,
				A6317F202982618B003F57CC /* Assets.xcassets in Resources */,
			);
			runOnlyForDeploymentPostprocessing = 0;
		};
		A6317F262982618B003F57CC /* Resources */ = {
			isa = PBXResourcesBuildPhase;
			buildActionMask = 2147483647;
			files = (
			);
			runOnlyForDeploymentPostprocessing = 0;
		};
		A6317F302982618B003F57CC /* Resources */ = {
			isa = PBXResourcesBuildPhase;
			buildActionMask = 2147483647;
			files = (
			);
			runOnlyForDeploymentPostprocessing = 0;
		};
/* End PBXResourcesBuildPhase section */

/* Begin PBXSourcesBuildPhase section */
		A6317F142982618A003F57CC /* Sources */ = {
			isa = PBXSourcesBuildPhase;
			buildActionMask = 2147483647;
			files = (
				A6317F1E2982618A003F57CC /* ContentView.swift in Sources */,
				A6317F1C2982618A003F57CC /* EarthquakeApp.swift in Sources */,
			);
			runOnlyForDeploymentPostprocessing = 0;
		};
		A6317F242982618B003F57CC /* Sources */ = {
			isa = PBXSourcesBuildPhase;
			buildActionMask = 2147483647;
			files = (
				A6317F2D2982618B003F57CC /* EarthquakeTests.swift in Sources */,
			);
			runOnlyForDeploymentPostprocessing = 0;
		};
		A6317F2E2982618B003F57CC /* Sources */ = {
			isa = PBXSourcesBuildPhase;
			buildActionMask = 2147483647;
			files = (
				A6317F372982618B003F57CC /* EarthquakeUITests.swift in Sources */,
				A6317F392982618B003F57CC /* EarthquakeUITestsLaunchTests.swift in Sources */,
			);
			runOnlyForDeploymentPostprocessing = 0;
		};
/* End PBXSourcesBuildPhase section */

/* Begin PBXTargetDependency section */
		A6317F2A2982618B003F57CC /* PBXTargetDependency */ = {
			isa = PBXTargetDependency;
			target = A6317F172982618A003F57CC /* Earthquake */;
			targetProxy = A6317F292982618B003F57CC /* PBXContainerItemProxy */;
		};
		A6317F342982618B003F57CC /* PBXTargetDependency */ = {
			isa = PBXTargetDependency;
			target = A6317F172982618A003F57CC /* Earthquake */;
			targetProxy = A6317F332982618B003F57CC /* PBXContainerItemProxy */;
		};
/* End PBXTargetDependency section */

/* Begin XCBuildConfiguration section */
		A6317F3A2982618B003F57CC /* Debug */ = {
			isa = XCBuildConfiguration;
			buildSettings = {
				ALWAYS_SEARCH_USER_PATHS = NO;
				CLANG_ANALYZER_NONNULL = YES;
				CLANG_ANALYZER_NUMBER_OBJECT_CONVERSION = YES_AGGRESSIVE;
				CLANG_CXX_LANGUAGE_STANDARD = "gnu++20";
				CLANG_ENABLE_MODULES = YES;
				CLANG_ENABLE_OBJC_ARC = YES;
				CLANG_ENABLE_OBJC_WEAK = YES;
				CLANG_WARN_BLOCK_CAPTURE_AUTORELEASING = YES;
				CLANG_WARN_BOOL_CONVERSION = YES;
				CLANG_WARN_COMMA = YES;
				CLANG_WARN_CONSTANT_CONVERSION = YES;
				CLANG_WARN_DEPRECATED_OBJC_IMPLEMENTATIONS = YES;
				CLANG_WARN_DIRECT_OBJC_ISA_USAGE = YES_ERROR;
				CLANG_WARN_DOCUMENTATION_COMMENTS = YES;
				CLANG_WARN_EMPTY_BODY = YES;
				CLANG_WARN_ENUM_CONVERSION = YES;
				CLANG_WARN_INFINITE_RECURSION = YES;
				CLANG_WARN_INT_CONVERSION = YES;
				CLANG_WARN_NON_LITERAL_NULL_CONVERSION = YES;
				CLANG_WARN_OBJC_IMPLICIT_RETAIN_SELF = YES;
				CLANG_WARN_OBJC_LITERAL_CONVERSION = YES;
				CLANG_WARN_OBJC_ROOT_CLASS = YES_ERROR;
				CLANG_WARN_QUOTED_INCLUDE_IN_FRAMEWORK_HEADER = YES;
				CLANG_WARN_RANGE_LOOP_ANALYSIS = YES;
				CLANG_WARN_STRICT_PROTOTYPES = YES;
				CLANG_WARN_SUSPICIOUS_MOVE = YES;
				CLANG_WARN_UNGUARDED_AVAILABILITY = YES_AGGRESSIVE;
				CLANG_WARN_UNREACHABLE_CODE = YES;
				CLANG_WARN__DUPLICATE_METHOD_MATCH = YES;
				COPY_PHASE_STRIP = NO;
				DEBUG_INFORMATION_FORMAT = dwarf;
				ENABLE_STRICT_OBJC_MSGSEND = YES;
				ENABLE_TESTABILITY = YES;
				GCC_C_LANGUAGE_STANDARD = gnu11;
				GCC_DYNAMIC_NO_PIC = NO;
				GCC_NO_COMMON_BLOCKS = YES;
				GCC_OPTIMIZATION_LEVEL = 0;
				GCC_PREPROCESSOR_DEFINITIONS = (
					"DEBUG=1",
					"$(inherited)",
				);
				GCC_WARN_64_TO_32_BIT_CONVERSION = YES;
				GCC_WARN_ABOUT_RETURN_TYPE = YES_ERROR;
				GCC_WARN_UNDECLARED_SELECTOR = YES;
				GCC_WARN_UNINITIALIZED_AUTOS = YES_AGGRESSIVE;
				GCC_WARN_UNUSED_FUNCTION = YES;
				GCC_WARN_UNUSED_VARIABLE = YES;
				IPHONEOS_DEPLOYMENT_TARGET = 16.2;
				MTL_ENABLE_DEBUG_INFO = INCLUDE_SOURCE;
				MTL_FAST_MATH = YES;
				ONLY_ACTIVE_ARCH = YES;
				SDKROOT = iphoneos;
				SWIFT_ACTIVE_COMPILATION_CONDITIONS = DEBUG;
				SWIFT_OPTIMIZATION_LEVEL = "-Onone";
			};
			name = Debug;
		};
		A6317F3B2982618B003F57CC /* Release */ = {
			isa = XCBuildConfiguration;
			buildSettings = {
				ALWAYS_SEARCH_USER_PATHS = NO;
				CLANG_ANALYZER_NONNULL = YES;
				CLANG_ANALYZER_NUMBER_OBJECT_CONVERSION = YES_AGGRESSIVE;
				CLANG_CXX_LANGUAGE_STANDARD = "gnu++20";
				CLANG_ENABLE_MODULES = YES;
				CLANG_ENABLE_OBJC_ARC = YES;
				CLANG_ENABLE_OBJC_WEAK = YES;
				CLANG_WARN_BLOCK_CAPTURE_AUTORELEASING = YES;
				CLANG_WARN_BOOL_CONVERSION = YES;
				CLANG_WARN_COMMA = YES;
				CLANG_WARN_CONSTANT_CONVERSION = YES;
				CLANG_WARN_DEPRECATED_OBJC_IMPLEMENTATIONS = YES;
				CLANG_WARN_DIRECT_OBJC_ISA_USAGE = YES_ERROR;
				CLANG_WARN_DOCUMENTATION_COMMENTS = YES;
				CLANG_WARN_EMPTY_BODY = YES;
				CLANG_WARN_ENUM_CONVERSION = YES;
				CLANG_WARN_INFINITE_RECURSION = YES;
				CLANG_WARN_INT_CONVERSION = YES;
				CLANG_WARN_NON_LITERAL_NULL_CONVERSION = YES;
				CLANG_WARN_OBJC_IMPLICIT_RETAIN_SELF = YES;
				CLANG_WARN_OBJC_LITERAL_CONVERSION = YES;
				CLANG_WARN_OBJC_ROOT_CLASS = YES_ERROR;
				CLANG_WARN_QUOTED_INCLUDE_IN_FRAMEWORK_HEADER = YES;
				CLANG_WARN_RANGE_LOOP_ANALYSIS = YES;
				CLANG_WARN_STRICT_PROTOTYPES = YES;
				CLANG_WARN_SUSPICIOUS_MOVE = YES;
				CLANG_WARN_UNGUARDED_AVAILABILITY = YES_AGGRESSIVE;
				CLANG_WARN_UNREACHABLE_CODE = YES;
				CLANG_WARN__DUPLICATE_METHOD_MATCH = YES;
				COPY_PHASE_STRIP = NO;
				DEBUG_INFORMATION_FORMAT = "dwarf-with-dsym";
				ENABLE_NS_ASSERTIONS = NO;
				ENABLE_STRICT_OBJC_MSGSEND = YES;
				GCC_C_LANGUAGE_STANDARD = gnu11;
				GCC_NO_COMMON_BLOCKS = YES;
				GCC_WARN_64_TO_32_BIT_CONVERSION = YES;
				GCC_WARN_ABOUT_RETURN_TYPE = YES_ERROR;
				GCC_WARN_UNDECLARED_SELECTOR = YES;
				GCC_WARN_UNINITIALIZED_AUTOS = YES_AGGRESSIVE;
				GCC_WARN_UNUSED_FUNCTION = YES;
				GCC_WARN_UNUSED_VARIABLE = YES;
				IPHONEOS_DEPLOYMENT_TARGET = 16.2;
				MTL_ENABLE_DEBUG_INFO = NO;
				MTL_FAST_MATH = YES;
				SDKROOT = iphoneos;
				SWIFT_COMPILATION_MODE = wholemodule;
				SWIFT_OPTIMIZATION_LEVEL = "-O";
				VALIDATE_PRODUCT = YES;
			};
			name = Release;
		};
		A6317F3D2982618B003F57CC /* Debug */ = {
			isa = XCBuildConfiguration;
			buildSettings = {
				ASSETCATALOG_COMPILER_APPICON_NAME = AppIcon;
				ASSETCATALOG_COMPILER_GLOBAL_ACCENT_COLOR_NAME = AccentColor;
				CODE_SIGN_STYLE = Automatic;
				CURRENT_PROJECT_VERSION = 1;
				DEVELOPMENT_ASSET_PATHS = "\"Earthquake/Preview Content\"";
				DEVELOPMENT_TEAM = CJ3K6UF4KJ;
				ENABLE_PREVIEWS = YES;
				GENERATE_INFOPLIST_FILE = YES;
				INFOPLIST_KEY_UIApplicationSceneManifest_Generation = YES;
				INFOPLIST_KEY_UIApplicationSupportsIndirectInputEvents = YES;
				INFOPLIST_KEY_UILaunchScreen_Generation = YES;
				INFOPLIST_KEY_UISupportedInterfaceOrientations_iPad = "UIInterfaceOrientationPortrait UIInterfaceOrientationPortraitUpsideDown UIInterfaceOrientationLandscapeLeft UIInterfaceOrientationLandscapeRight";
				INFOPLIST_KEY_UISupportedInterfaceOrientations_iPhone = "UIInterfaceOrientationPortrait UIInterfaceOrientationLandscapeLeft UIInterfaceOrientationLandscapeRight";
				LD_RUNPATH_SEARCH_PATHS = (
					"$(inherited)",
					"@executable_path/Frameworks",
				);
				MARKETING_VERSION = 1.0;
				PRODUCT_BUNDLE_IDENTIFIER = com.fonov.tutorial.Earthquake;
				PRODUCT_NAME = "$(TARGET_NAME)";
				SWIFT_EMIT_LOC_STRINGS = YES;
				SWIFT_VERSION = 5.0;
				TARGETED_DEVICE_FAMILY = "1,2";
			};
			name = Debug;
		};
		A6317F3E2982618B003F57CC /* Release */ = {
			isa = XCBuildConfiguration;
			buildSettings = {
				ASSETCATALOG_COMPILER_APPICON_NAME = AppIcon;
				ASSETCATALOG_COMPILER_GLOBAL_ACCENT_COLOR_NAME = AccentColor;
				CODE_SIGN_STYLE = Automatic;
				CURRENT_PROJECT_VERSION = 1;
				DEVELOPMENT_ASSET_PATHS = "\"Earthquake/Preview Content\"";
				DEVELOPMENT_TEAM = CJ3K6UF4KJ;
				ENABLE_PREVIEWS = YES;
				GENERATE_INFOPLIST_FILE = YES;
				INFOPLIST_KEY_UIApplicationSceneManifest_Generation = YES;
				INFOPLIST_KEY_UIApplicationSupportsIndirectInputEvents = YES;
				INFOPLIST_KEY_UILaunchScreen_Generation = YES;
				INFOPLIST_KEY_UISupportedInterfaceOrientations_iPad = "UIInterfaceOrientationPortrait UIInterfaceOrientationPortraitUpsideDown UIInterfaceOrientationLandscapeLeft UIInterfaceOrientationLandscapeRight";
				INFOPLIST_KEY_UISupportedInterfaceOrientations_iPhone = "UIInterfaceOrientationPortrait UIInterfaceOrientationLandscapeLeft UIInterfaceOrientationLandscapeRight";
				LD_RUNPATH_SEARCH_PATHS = (
					"$(inherited)",
					"@executable_path/Frameworks",
				);
				MARKETING_VERSION = 1.0;
				PRODUCT_BUNDLE_IDENTIFIER = com.fonov.tutorial.Earthquake;
				PRODUCT_NAME = "$(TARGET_NAME)";
				SWIFT_EMIT_LOC_STRINGS = YES;
				SWIFT_VERSION = 5.0;
				TARGETED_DEVICE_FAMILY = "1,2";
			};
			name = Release;
		};
		A6317F402982618B003F57CC /* Debug */ = {
			isa = XCBuildConfiguration;
			buildSettings = {
				ALWAYS_EMBED_SWIFT_STANDARD_LIBRARIES = YES;
				BUNDLE_LOADER = "$(TEST_HOST)";
				CODE_SIGN_STYLE = Automatic;
				CURRENT_PROJECT_VERSION = 1;
				DEVELOPMENT_TEAM = CJ3K6UF4KJ;
				GENERATE_INFOPLIST_FILE = YES;
				IPHONEOS_DEPLOYMENT_TARGET = 16.2;
				MARKETING_VERSION = 1.0;
				PRODUCT_BUNDLE_IDENTIFIER = com.fonov.tutorial.EarthquakeTests;
				PRODUCT_NAME = "$(TARGET_NAME)";
				SWIFT_EMIT_LOC_STRINGS = NO;
				SWIFT_VERSION = 5.0;
				TARGETED_DEVICE_FAMILY = "1,2";
				TEST_HOST = "$(BUILT_PRODUCTS_DIR)/Earthquake.app/$(BUNDLE_EXECUTABLE_FOLDER_PATH)/Earthquake";
			};
			name = Debug;
		};
		A6317F412982618B003F57CC /* Release */ = {
			isa = XCBuildConfiguration;
			buildSettings = {
				ALWAYS_EMBED_SWIFT_STANDARD_LIBRARIES = YES;
				BUNDLE_LOADER = "$(TEST_HOST)";
				CODE_SIGN_STYLE = Automatic;
				CURRENT_PROJECT_VERSION = 1;
				DEVELOPMENT_TEAM = CJ3K6UF4KJ;
				GENERATE_INFOPLIST_FILE = YES;
				IPHONEOS_DEPLOYMENT_TARGET = 16.2;
				MARKETING_VERSION = 1.0;
				PRODUCT_BUNDLE_IDENTIFIER = com.fonov.tutorial.EarthquakeTests;
				PRODUCT_NAME = "$(TARGET_NAME)";
				SWIFT_EMIT_LOC_STRINGS = NO;
				SWIFT_VERSION = 5.0;
				TARGETED_DEVICE_FAMILY = "1,2";
				TEST_HOST = "$(BUILT_PRODUCTS_DIR)/Earthquake.app/$(BUNDLE_EXECUTABLE_FOLDER_PATH)/Earthquake";
			};
			name = Release;
		};
		A6317F432982618B003F57CC /* Debug */ = {
			isa = XCBuildConfiguration;
			buildSettings = {
				ALWAYS_EMBED_SWIFT_STANDARD_LIBRARIES = YES;
				CODE_SIGN_STYLE = Automatic;
				CURRENT_PROJECT_VERSION = 1;
				DEVELOPMENT_TEAM = CJ3K6UF4KJ;
				GENERATE_INFOPLIST_FILE = YES;
				MARKETING_VERSION = 1.0;
				PRODUCT_BUNDLE_IDENTIFIER = com.fonov.tutorial.EarthquakeUITests;
				PRODUCT_NAME = "$(TARGET_NAME)";
				SWIFT_EMIT_LOC_STRINGS = NO;
				SWIFT_VERSION = 5.0;
				TARGETED_DEVICE_FAMILY = "1,2";
				TEST_TARGET_NAME = Earthquake;
			};
			name = Debug;
		};
		A6317F442982618B003F57CC /* Release */ = {
			isa = XCBuildConfiguration;
			buildSettings = {
				ALWAYS_EMBED_SWIFT_STANDARD_LIBRARIES = YES;
				CODE_SIGN_STYLE = Automatic;
				CURRENT_PROJECT_VERSION = 1;
				DEVELOPMENT_TEAM = CJ3K6UF4KJ;
				GENERATE_INFOPLIST_FILE = YES;
				MARKETING_VERSION = 1.0;
				PRODUCT_BUNDLE_IDENTIFIER = com.fonov.tutorial.EarthquakeUITests;
				PRODUCT_NAME = "$(TARGET_NAME)";
				SWIFT_EMIT_LOC_STRINGS = NO;
				SWIFT_VERSION = 5.0;
				TARGETED_DEVICE_FAMILY = "1,2";
				TEST_TARGET_NAME = Earthquake;
			};
			name = Release;
		};
/* End XCBuildConfiguration section */

/* Begin XCConfigurationList section */
		A6317F132982618A003F57CC /* Build configuration list for PBXProject "Earthquake" */ = {
			isa = XCConfigurationList;
			buildConfigurations = (
				A6317F3A2982618B003F57CC /* Debug */,
				A6317F3B2982618B003F57CC /* Release */,
			);
			defaultConfigurationIsVisible = 0;
			defaultConfigurationName = Release;
		};
		A6317F3C2982618B003F57CC /* Build configuration list for PBXNativeTarget "Earthquake" */ = {
			isa = XCConfigurationList;
			buildConfigurations = (
				A6317F3D2982618B003F57CC /* Debug */,
				A6317F3E2982618B003F57CC /* Release */,
			);
			defaultConfigurationIsVisible = 0;
			defaultConfigurationName = Release;
		};
		A6317F3F2982618B003F57CC /* Build configuration list for PBXNativeTarget "EarthquakeTests" */ = {
			isa = XCConfigurationList;
			buildConfigurations = (
				A6317F402982618B003F57CC /* Debug */,
				A6317F412982618B003F57CC /* Release */,
			);
			defaultConfigurationIsVisible = 0;
			defaultConfigurationName = Release;
		};
		A6317F422982618B003F57CC /* Build configuration list for PBXNativeTarget "EarthquakeUITests" */ = {
			isa = XCConfigurationList;
			buildConfigurations = (
				A6317F432982618B003F57CC /* Debug */,
				A6317F442982618B003F57CC /* Release */,
			);
			defaultConfigurationIsVisible = 0;
			defaultConfigurationName = Release;
		};
/* End XCConfigurationList section */
	};
	rootObject = A6317F102982618A003F57CC /* Project object */;
}
