// !$*UTF8*$!
{
	archiveVersion = 1;
	classes = {
	};
	objectVersion = 56;
	objects = {

/* Begin PBXBuildFile section */
		A608CA3929958C70008D9358 /* Quake+Preview.swift in Sources */ = {isa = PBXBuildFile; fileRef = A608CA3829958C70008D9358 /* Quake+Preview.swift */; };
		A608CA3B29958D1D008D9358 /* QuakeDetail.swift in Sources */ = {isa = PBXBuildFile; fileRef = A608CA3A29958D1D008D9358 /* QuakeDetail.swift */; };
		A608CA3D2997A938008D9358 /* QuakeDetailMap.swift in Sources */ = {isa = PBXBuildFile; fileRef = A608CA3C2997A938008D9358 /* QuakeDetailMap.swift */; };
		A608CA452999201D008D9358 /* EarthquakeUITests.swift in Sources */ = {isa = PBXBuildFile; fileRef = A608CA442999201D008D9358 /* EarthquakeUITests.swift */; };
		A608CA472999201D008D9358 /* EarthquakeUITestsLaunchTests.swift in Sources */ = {isa = PBXBuildFile; fileRef = A608CA462999201D008D9358 /* EarthquakeUITestsLaunchTests.swift */; };
		A6317F1C2982618A003F57CC /* EarthquakeApp.swift in Sources */ = {isa = PBXBuildFile; fileRef = A6317F1B2982618A003F57CC /* EarthquakeApp.swift */; };
		A6317F1E2982618A003F57CC /* ContentView.swift in Sources */ = {isa = PBXBuildFile; fileRef = A6317F1D2982618A003F57CC /* ContentView.swift */; };
		A6317F202982618B003F57CC /* Assets.xcassets in Resources */ = {isa = PBXBuildFile; fileRef = A6317F1F2982618B003F57CC /* Assets.xcassets */; };
		A6317F232982618B003F57CC /* Preview Assets.xcassets in Resources */ = {isa = PBXBuildFile; fileRef = A6317F222982618B003F57CC /* Preview Assets.xcassets */; };
		A6317F4929865E27003F57CC /* Quake.swift in Sources */ = {isa = PBXBuildFile; fileRef = A6317F4829865E27003F57CC /* Quake.swift */; };
		A6317F4B298662C5003F57CC /* QuakeError.swift in Sources */ = {isa = PBXBuildFile; fileRef = A6317F4A298662C5003F57CC /* QuakeError.swift */; };
		A6317F5329867F94003F57CC /* EarthquakeTests.swift in Sources */ = {isa = PBXBuildFile; fileRef = A6317F5229867F94003F57CC /* EarthquakeTests.swift */; };
		A6317F5A2986805B003F57CC /* SampleData.json in Resources */ = {isa = PBXBuildFile; fileRef = A6317F592986805B003F57CC /* SampleData.json */; };
		A6317F5E2986C50F003F57CC /* GeoJSON.swift in Sources */ = {isa = PBXBuildFile; fileRef = A6317F5D2986C50F003F57CC /* GeoJSON.swift */; };
		A6317F602986E15C003F57CC /* QuakeLocation.swift in Sources */ = {isa = PBXBuildFile; fileRef = A6317F5F2986E15C003F57CC /* QuakeLocation.swift */; };
		A6317F62298A400B003F57CC /* HTTPDataDownloader.swift in Sources */ = {isa = PBXBuildFile; fileRef = A6317F61298A400B003F57CC /* HTTPDataDownloader.swift */; };
		A6317F64298A428A003F57CC /* QuakeClient.swift in Sources */ = {isa = PBXBuildFile; fileRef = A6317F63298A428A003F57CC /* QuakeClient.swift */; };
		A6AEBB1D29993EC900446A93 /* Localizable.strings in Resources */ = {isa = PBXBuildFile; fileRef = A6AEBB1B29993EC900446A93 /* Localizable.strings */; };
		A6C2A081298B9BF7001C52CE /* TestData.swift in Sources */ = {isa = PBXBuildFile; fileRef = A6317F5B298680B9003F57CC /* TestData.swift */; };
		A6C2A083298B9C56001C52CE /* TestDownloader.swift in Sources */ = {isa = PBXBuildFile; fileRef = A6C2A082298B9C56001C52CE /* TestDownloader.swift */; };
		A6C2A0BE298E6967001C52CE /* QuakesProvider.swift in Sources */ = {isa = PBXBuildFile; fileRef = A6C2A0BD298E6967001C52CE /* QuakesProvider.swift */; };
		A6C2A0C3298E6B09001C52CE /* Quakes.swift in Sources */ = {isa = PBXBuildFile; fileRef = A6C2A0C2298E6B09001C52CE /* Quakes.swift */; };
		A6C2A0C5298E6C82001C52CE /* QuakeRow.swift in Sources */ = {isa = PBXBuildFile; fileRef = A6C2A0C4298E6C82001C52CE /* QuakeRow.swift */; };
		A6C2A0C8298E9474001C52CE /* Quakes+Toolbar.swift in Sources */ = {isa = PBXBuildFile; fileRef = A6C2A0C7298E9474001C52CE /* Quakes+Toolbar.swift */; };
		A6C2A0CA298E956C001C52CE /* SelectButton.swift in Sources */ = {isa = PBXBuildFile; fileRef = A6C2A0C9298E956C001C52CE /* SelectButton.swift */; };
		A6C2A0CE298ED681001C52CE /* EditButton.swift in Sources */ = {isa = PBXBuildFile; fileRef = A6C2A0CD298ED681001C52CE /* EditButton.swift */; };
		A6C2A0D0298EDE7E001C52CE /* RefreshButton.swift in Sources */ = {isa = PBXBuildFile; fileRef = A6C2A0CF298EDE7E001C52CE /* RefreshButton.swift */; };
		A6C2A0D2298EDF67001C52CE /* ToolbarStatus.swift in Sources */ = {isa = PBXBuildFile; fileRef = A6C2A0D1298EDF67001C52CE /* ToolbarStatus.swift */; };
		A6C2A0D4298F81A9001C52CE /* DeleteButton.swift in Sources */ = {isa = PBXBuildFile; fileRef = A6C2A0D3298F81A9001C52CE /* DeleteButton.swift */; };
		A6C2A0D6298F8337001C52CE /* QuakeMagnitude.swift in Sources */ = {isa = PBXBuildFile; fileRef = A6C2A0D5298F8337001C52CE /* QuakeMagnitude.swift */; };
		A6C2A0D8298F8428001C52CE /* Quake+Color.swift in Sources */ = {isa = PBXBuildFile; fileRef = A6C2A0D7298F8428001C52CE /* Quake+Color.swift */; };
		A6C2A0DA298FF834001C52CE /* CacheEntryObject.swift in Sources */ = {isa = PBXBuildFile; fileRef = A6C2A0D9298FF834001C52CE /* CacheEntryObject.swift */; };
		A6C2A0DF298FF94D001C52CE /* NSCache+Subscript.swift in Sources */ = {isa = PBXBuildFile; fileRef = A6C2A0DE298FF94D001C52CE /* NSCache+Subscript.swift */; };
/* End PBXBuildFile section */

/* Begin PBXContainerItemProxy section */
		A608CA482999201D008D9358 /* PBXContainerItemProxy */ = {
			isa = PBXContainerItemProxy;
			containerPortal = A6317F102982618A003F57CC /* Project object */;
			proxyType = 1;
			remoteGlobalIDString = A6317F172982618A003F57CC;
			remoteInfo = Earthquake;
		};
		A6317F5429867F94003F57CC /* PBXContainerItemProxy */ = {
			isa = PBXContainerItemProxy;
			containerPortal = A6317F102982618A003F57CC /* Project object */;
			proxyType = 1;
			remoteGlobalIDString = A6317F172982618A003F57CC;
			remoteInfo = Earthquake;
		};
/* End PBXContainerItemProxy section */

/* Begin PBXFileReference section */
		A608CA3829958C70008D9358 /* Quake+Preview.swift */ = {isa = PBXFileReference; lastKnownFileType = sourcecode.swift; path = "Quake+Preview.swift"; sourceTree = "<group>"; };
		A608CA3A29958D1D008D9358 /* QuakeDetail.swift */ = {isa = PBXFileReference; lastKnownFileType = sourcecode.swift; path = QuakeDetail.swift; sourceTree = "<group>"; };
		A608CA3C2997A938008D9358 /* QuakeDetailMap.swift */ = {isa = PBXFileReference; lastKnownFileType = sourcecode.swift; path = QuakeDetailMap.swift; sourceTree = "<group>"; };
		A608CA422999201D008D9358 /* EarthquakeUITests.xctest */ = {isa = PBXFileReference; explicitFileType = wrapper.cfbundle; includeInIndex = 0; path = EarthquakeUITests.xctest; sourceTree = BUILT_PRODUCTS_DIR; };
		A608CA442999201D008D9358 /* EarthquakeUITests.swift */ = {isa = PBXFileReference; lastKnownFileType = sourcecode.swift; path = EarthquakeUITests.swift; sourceTree = "<group>"; };
		A608CA462999201D008D9358 /* EarthquakeUITestsLaunchTests.swift */ = {isa = PBXFileReference; lastKnownFileType = sourcecode.swift; path = EarthquakeUITestsLaunchTests.swift; sourceTree = "<group>"; };
		A6317F182982618A003F57CC /* Earthquake.app */ = {isa = PBXFileReference; explicitFileType = wrapper.application; includeInIndex = 0; path = Earthquake.app; sourceTree = BUILT_PRODUCTS_DIR; };
		A6317F1B2982618A003F57CC /* EarthquakeApp.swift */ = {isa = PBXFileReference; lastKnownFileType = sourcecode.swift; path = EarthquakeApp.swift; sourceTree = "<group>"; };
		A6317F1D2982618A003F57CC /* ContentView.swift */ = {isa = PBXFileReference; lastKnownFileType = sourcecode.swift; path = ContentView.swift; sourceTree = "<group>"; };
		A6317F1F2982618B003F57CC /* Assets.xcassets */ = {isa = PBXFileReference; lastKnownFileType = folder.assetcatalog; path = Assets.xcassets; sourceTree = "<group>"; };
		A6317F222982618B003F57CC /* Preview Assets.xcassets */ = {isa = PBXFileReference; lastKnownFileType = folder.assetcatalog; path = "Preview Assets.xcassets"; sourceTree = "<group>"; };
		A6317F4829865E27003F57CC /* Quake.swift */ = {isa = PBXFileReference; lastKnownFileType = sourcecode.swift; path = Quake.swift; sourceTree = "<group>"; };
		A6317F4A298662C5003F57CC /* QuakeError.swift */ = {isa = PBXFileReference; lastKnownFileType = sourcecode.swift; path = QuakeError.swift; sourceTree = "<group>"; };
		A6317F5029867F93003F57CC /* EarthquakeTests.xctest */ = {isa = PBXFileReference; explicitFileType = wrapper.cfbundle; includeInIndex = 0; path = EarthquakeTests.xctest; sourceTree = BUILT_PRODUCTS_DIR; };
		A6317F5229867F94003F57CC /* EarthquakeTests.swift */ = {isa = PBXFileReference; lastKnownFileType = sourcecode.swift; path = EarthquakeTests.swift; sourceTree = "<group>"; };
		A6317F592986805B003F57CC /* SampleData.json */ = {isa = PBXFileReference; fileEncoding = 4; lastKnownFileType = text.json; path = SampleData.json; sourceTree = "<group>"; };
		A6317F5B298680B9003F57CC /* TestData.swift */ = {isa = PBXFileReference; lastKnownFileType = sourcecode.swift; path = TestData.swift; sourceTree = "<group>"; };
		A6317F5D2986C50F003F57CC /* GeoJSON.swift */ = {isa = PBXFileReference; lastKnownFileType = sourcecode.swift; path = GeoJSON.swift; sourceTree = "<group>"; };
		A6317F5F2986E15C003F57CC /* QuakeLocation.swift */ = {isa = PBXFileReference; lastKnownFileType = sourcecode.swift; path = QuakeLocation.swift; sourceTree = "<group>"; };
		A6317F61298A400B003F57CC /* HTTPDataDownloader.swift */ = {isa = PBXFileReference; lastKnownFileType = sourcecode.swift; path = HTTPDataDownloader.swift; sourceTree = "<group>"; };
		A6317F63298A428A003F57CC /* QuakeClient.swift */ = {isa = PBXFileReference; lastKnownFileType = sourcecode.swift; path = QuakeClient.swift; sourceTree = "<group>"; };
		A6AEBB10299937D200446A93 /* Earthquake.xctestplan */ = {isa = PBXFileReference; lastKnownFileType = text; path = Earthquake.xctestplan; sourceTree = "<group>"; };
		A6AEBB1C29993EC900446A93 /* ru */ = {isa = PBXFileReference; lastKnownFileType = text.plist.strings; name = ru; path = ru.lproj/Localizable.strings; sourceTree = "<group>"; };
		A6AEBB1E29993F7F00446A93 /* en */ = {isa = PBXFileReference; lastKnownFileType = text.plist.strings; name = en; path = en.lproj/Localizable.strings; sourceTree = "<group>"; };
		A6C2A082298B9C56001C52CE /* TestDownloader.swift */ = {isa = PBXFileReference; lastKnownFileType = sourcecode.swift; path = TestDownloader.swift; sourceTree = "<group>"; };
		A6C2A0BD298E6967001C52CE /* QuakesProvider.swift */ = {isa = PBXFileReference; lastKnownFileType = sourcecode.swift; path = QuakesProvider.swift; sourceTree = "<group>"; };
		A6C2A0C2298E6B09001C52CE /* Quakes.swift */ = {isa = PBXFileReference; lastKnownFileType = sourcecode.swift; path = Quakes.swift; sourceTree = "<group>"; };
		A6C2A0C4298E6C82001C52CE /* QuakeRow.swift */ = {isa = PBXFileReference; lastKnownFileType = sourcecode.swift; path = QuakeRow.swift; sourceTree = "<group>"; };
		A6C2A0C7298E9474001C52CE /* Quakes+Toolbar.swift */ = {isa = PBXFileReference; lastKnownFileType = sourcecode.swift; path = "Quakes+Toolbar.swift"; sourceTree = "<group>"; };
		A6C2A0C9298E956C001C52CE /* SelectButton.swift */ = {isa = PBXFileReference; lastKnownFileType = sourcecode.swift; path = SelectButton.swift; sourceTree = "<group>"; };
		A6C2A0CD298ED681001C52CE /* EditButton.swift */ = {isa = PBXFileReference; lastKnownFileType = sourcecode.swift; path = EditButton.swift; sourceTree = "<group>"; };
		A6C2A0CF298EDE7E001C52CE /* RefreshButton.swift */ = {isa = PBXFileReference; lastKnownFileType = sourcecode.swift; path = RefreshButton.swift; sourceTree = "<group>"; };
		A6C2A0D1298EDF67001C52CE /* ToolbarStatus.swift */ = {isa = PBXFileReference; lastKnownFileType = sourcecode.swift; path = ToolbarStatus.swift; sourceTree = "<group>"; };
		A6C2A0D3298F81A9001C52CE /* DeleteButton.swift */ = {isa = PBXFileReference; lastKnownFileType = sourcecode.swift; path = DeleteButton.swift; sourceTree = "<group>"; };
		A6C2A0D5298F8337001C52CE /* QuakeMagnitude.swift */ = {isa = PBXFileReference; lastKnownFileType = sourcecode.swift; path = QuakeMagnitude.swift; sourceTree = "<group>"; };
		A6C2A0D7298F8428001C52CE /* Quake+Color.swift */ = {isa = PBXFileReference; lastKnownFileType = sourcecode.swift; path = "Quake+Color.swift"; sourceTree = "<group>"; };
		A6C2A0D9298FF834001C52CE /* CacheEntryObject.swift */ = {isa = PBXFileReference; lastKnownFileType = sourcecode.swift; path = CacheEntryObject.swift; sourceTree = "<group>"; };
		A6C2A0DE298FF94D001C52CE /* NSCache+Subscript.swift */ = {isa = PBXFileReference; lastKnownFileType = sourcecode.swift; path = "NSCache+Subscript.swift"; sourceTree = "<group>"; };
/* End PBXFileReference section */

/* Begin PBXFrameworksBuildPhase section */
		A608CA3F2999201D008D9358 /* Frameworks */ = {
			isa = PBXFrameworksBuildPhase;
			buildActionMask = 2147483647;
			files = (
			);
			runOnlyForDeploymentPostprocessing = 0;
		};
		A6317F152982618A003F57CC /* Frameworks */ = {
			isa = PBXFrameworksBuildPhase;
			buildActionMask = 2147483647;
			files = (
			);
			runOnlyForDeploymentPostprocessing = 0;
		};
		A6317F4D29867F93003F57CC /* Frameworks */ = {
			isa = PBXFrameworksBuildPhase;
			buildActionMask = 2147483647;
			files = (
			);
			runOnlyForDeploymentPostprocessing = 0;
		};
/* End PBXFrameworksBuildPhase section */

/* Begin PBXGroup section */
		A608CA432999201D008D9358 /* EarthquakeUITests */ = {
			isa = PBXGroup;
			children = (
				A608CA442999201D008D9358 /* EarthquakeUITests.swift */,
				A608CA462999201D008D9358 /* EarthquakeUITestsLaunchTests.swift */,
			);
			path = EarthquakeUITests;
			sourceTree = "<group>";
		};
		A6317F0F2982618A003F57CC = {
			isa = PBXGroup;
			children = (
				A6317F1A2982618A003F57CC /* Earthquake */,
				A6317F5129867F94003F57CC /* EarthquakeTests */,
				A608CA432999201D008D9358 /* EarthquakeUITests */,
				A6317F192982618A003F57CC /* Products */,
			);
			sourceTree = "<group>";
		};
		A6317F192982618A003F57CC /* Products */ = {
			isa = PBXGroup;
			children = (
				A6317F182982618A003F57CC /* Earthquake.app */,
				A6317F5029867F93003F57CC /* EarthquakeTests.xctest */,
				A608CA422999201D008D9358 /* EarthquakeUITests.xctest */,
			);
			name = Products;
			sourceTree = "<group>";
		};
		A6317F1A2982618A003F57CC /* Earthquake */ = {
			isa = PBXGroup;
			children = (
				A6AEBB1B29993EC900446A93 /* Localizable.strings */,
				A6C2A0DD298FF936001C52CE /* Cache */,
				A6C2A0BF298E6AEF001C52CE /* Views */,
				A6317F4529865E0C003F57CC /* Models */,
				A6317F1B2982618A003F57CC /* EarthquakeApp.swift */,
				A6317F1D2982618A003F57CC /* ContentView.swift */,
				A6317F1F2982618B003F57CC /* Assets.xcassets */,
				A6317F212982618B003F57CC /* Preview Content */,
				A6317F61298A400B003F57CC /* HTTPDataDownloader.swift */,
				A6317F63298A428A003F57CC /* QuakeClient.swift */,
			);
			path = Earthquake;
			sourceTree = "<group>";
		};
		A6317F212982618B003F57CC /* Preview Content */ = {
			isa = PBXGroup;
			children = (
				A6317F5B298680B9003F57CC /* TestData.swift */,
				A6317F222982618B003F57CC /* Preview Assets.xcassets */,
				A6C2A082298B9C56001C52CE /* TestDownloader.swift */,
				A608CA3829958C70008D9358 /* Quake+Preview.swift */,
			);
			path = "Preview Content";
			sourceTree = "<group>";
		};
		A6317F4529865E0C003F57CC /* Models */ = {
			isa = PBXGroup;
			children = (
				A6317F4829865E27003F57CC /* Quake.swift */,
				A6317F4A298662C5003F57CC /* QuakeError.swift */,
				A6317F5D2986C50F003F57CC /* GeoJSON.swift */,
				A6317F5F2986E15C003F57CC /* QuakeLocation.swift */,
				A6C2A0BD298E6967001C52CE /* QuakesProvider.swift */,
				A6C2A0D7298F8428001C52CE /* Quake+Color.swift */,
			);
			path = Models;
			sourceTree = "<group>";
		};
		A6317F5129867F94003F57CC /* EarthquakeTests */ = {
			isa = PBXGroup;
			children = (
				A6317F592986805B003F57CC /* SampleData.json */,
				A6317F5229867F94003F57CC /* EarthquakeTests.swift */,
				A6AEBB10299937D200446A93 /* Earthquake.xctestplan */,
			);
			path = EarthquakeTests;
			sourceTree = "<group>";
		};
		A6C2A0BF298E6AEF001C52CE /* Views */ = {
			isa = PBXGroup;
			children = (
				A6C2A0C6298E945B001C52CE /* ToolbarContent */,
				A6C2A0C2298E6B09001C52CE /* Quakes.swift */,
				A6C2A0C4298E6C82001C52CE /* QuakeRow.swift */,
				A6C2A0D5298F8337001C52CE /* QuakeMagnitude.swift */,
				A608CA3A29958D1D008D9358 /* QuakeDetail.swift */,
				A608CA3C2997A938008D9358 /* QuakeDetailMap.swift */,
			);
			path = Views;
			sourceTree = "<group>";
		};
		A6C2A0C6298E945B001C52CE /* ToolbarContent */ = {
			isa = PBXGroup;
			children = (
				A6C2A0C7298E9474001C52CE /* Quakes+Toolbar.swift */,
				A6C2A0C9298E956C001C52CE /* SelectButton.swift */,
				A6C2A0CD298ED681001C52CE /* EditButton.swift */,
				A6C2A0CF298EDE7E001C52CE /* RefreshButton.swift */,
				A6C2A0D1298EDF67001C52CE /* ToolbarStatus.swift */,
				A6C2A0D3298F81A9001C52CE /* DeleteButton.swift */,
			);
			path = ToolbarContent;
			sourceTree = "<group>";
		};
		A6C2A0DD298FF936001C52CE /* Cache */ = {
			isa = PBXGroup;
			children = (
				A6C2A0D9298FF834001C52CE /* CacheEntryObject.swift */,
				A6C2A0DE298FF94D001C52CE /* NSCache+Subscript.swift */,
			);
			path = Cache;
			sourceTree = "<group>";
		};
/* End PBXGroup section */

/* Begin PBXNativeTarget section */
		A608CA412999201D008D9358 /* EarthquakeUITests */ = {
			isa = PBXNativeTarget;
			buildConfigurationList = A608CA4A2999201E008D9358 /* Build configuration list for PBXNativeTarget "EarthquakeUITests" */;
			buildPhases = (
				A608CA3E2999201D008D9358 /* Sources */,
				A608CA3F2999201D008D9358 /* Frameworks */,
				A608CA402999201D008D9358 /* Resources */,
			);
			buildRules = (
			);
			dependencies = (
				A608CA492999201D008D9358 /* PBXTargetDependency */,
			);
			name = EarthquakeUITests;
			productName = EarthquakeUITests;
			productReference = A608CA422999201D008D9358 /* EarthquakeUITests.xctest */;
			productType = "com.apple.product-type.bundle.ui-testing";
		};
		A6317F172982618A003F57CC /* Earthquake */ = {
			isa = PBXNativeTarget;
			buildConfigurationList = A6317F3C2982618B003F57CC /* Build configuration list for PBXNativeTarget "Earthquake" */;
			buildPhases = (
				A6317F142982618A003F57CC /* Sources */,
				A6317F152982618A003F57CC /* Frameworks */,
				A6317F162982618A003F57CC /* Resources */,
			);
			buildRules = (
			);
			dependencies = (
			);
			name = Earthquake;
			productName = Earthquake;
			productReference = A6317F182982618A003F57CC /* Earthquake.app */;
			productType = "com.apple.product-type.application";
		};
		A6317F4F29867F93003F57CC /* EarthquakeTests */ = {
			isa = PBXNativeTarget;
			buildConfigurationList = A6317F5629867F94003F57CC /* Build configuration list for PBXNativeTarget "EarthquakeTests" */;
			buildPhases = (
				A6317F4C29867F93003F57CC /* Sources */,
				A6317F4D29867F93003F57CC /* Frameworks */,
				A6317F4E29867F93003F57CC /* Resources */,
			);
			buildRules = (
			);
			dependencies = (
				A6317F5529867F94003F57CC /* PBXTargetDependency */,
			);
			name = EarthquakeTests;
			productName = EarthquakeTests;
			productReference = A6317F5029867F93003F57CC /* EarthquakeTests.xctest */;
			productType = "com.apple.product-type.bundle.unit-test";
		};
/* End PBXNativeTarget section */

/* Begin PBXProject section */
		A6317F102982618A003F57CC /* Project object */ = {
			isa = PBXProject;
			attributes = {
				BuildIndependentTargetsInParallel = 1;
				LastSwiftUpdateCheck = 1420;
				LastUpgradeCheck = 1420;
				TargetAttributes = {
					A608CA412999201D008D9358 = {
						CreatedOnToolsVersion = 14.2;
						TestTargetID = A6317F172982618A003F57CC;
					};
					A6317F172982618A003F57CC = {
						CreatedOnToolsVersion = 14.2;
					};
					A6317F4F29867F93003F57CC = {
						CreatedOnToolsVersion = 14.2;
						TestTargetID = A6317F172982618A003F57CC;
					};
				};
			};
			buildConfigurationList = A6317F132982618A003F57CC /* Build configuration list for PBXProject "Earthquake" */;
			compatibilityVersion = "Xcode 14.0";
			developmentRegion = en;
			hasScannedForEncodings = 0;
			knownRegions = (
				en,
				Base,
				ru,
			);
			mainGroup = A6317F0F2982618A003F57CC;
			productRefGroup = A6317F192982618A003F57CC /* Products */;
			projectDirPath = "";
			projectRoot = "";
			targets = (
				A6317F172982618A003F57CC /* Earthquake */,
				A6317F4F29867F93003F57CC /* EarthquakeTests */,
				A608CA412999201D008D9358 /* EarthquakeUITests */,
			);
		};
/* End PBXProject section */

/* Begin PBXResourcesBuildPhase section */
		A608CA402999201D008D9358 /* Resources */ = {
			isa = PBXResourcesBuildPhase;
			buildActionMask = 2147483647;
			files = (
			);
			runOnlyForDeploymentPostprocessing = 0;
		};
		A6317F162982618A003F57CC /* Resources */ = {
			isa = PBXResourcesBuildPhase;
			buildActionMask = 2147483647;
			files = (
				A6AEBB1D29993EC900446A93 /* Localizable.strings in Resources */,
				A6317F232982618B003F57CC /* Preview Assets.xcassets in Resources */,
				A6317F202982618B003F57CC /* Assets.xcassets in Resources */,
			);
			runOnlyForDeploymentPostprocessing = 0;
		};
		A6317F4E29867F93003F57CC /* Resources */ = {
			isa = PBXResourcesBuildPhase;
			buildActionMask = 2147483647;
			files = (
				A6317F5A2986805B003F57CC /* SampleData.json in Resources */,
			);
			runOnlyForDeploymentPostprocessing = 0;
		};
/* End PBXResourcesBuildPhase section */

/* Begin PBXSourcesBuildPhase section */
		A608CA3E2999201D008D9358 /* Sources */ = {
			isa = PBXSourcesBuildPhase;
			buildActionMask = 2147483647;
			files = (
				A608CA452999201D008D9358 /* EarthquakeUITests.swift in Sources */,
				A608CA472999201D008D9358 /* EarthquakeUITestsLaunchTests.swift in Sources */,
			);
			runOnlyForDeploymentPostprocessing = 0;
		};
		A6317F142982618A003F57CC /* Sources */ = {
			isa = PBXSourcesBuildPhase;
			buildActionMask = 2147483647;
			files = (
				A6C2A0D6298F8337001C52CE /* QuakeMagnitude.swift in Sources */,
				A6C2A0BE298E6967001C52CE /* QuakesProvider.swift in Sources */,
				A608CA3929958C70008D9358 /* Quake+Preview.swift in Sources */,
				A6C2A081298B9BF7001C52CE /* TestData.swift in Sources */,
				A6C2A0D0298EDE7E001C52CE /* RefreshButton.swift in Sources */,
				A6317F5E2986C50F003F57CC /* GeoJSON.swift in Sources */,
				A6C2A0C5298E6C82001C52CE /* QuakeRow.swift in Sources */,
				A608CA3D2997A938008D9358 /* QuakeDetailMap.swift in Sources */,
				A6317F62298A400B003F57CC /* HTTPDataDownloader.swift in Sources */,
				A6317F64298A428A003F57CC /* QuakeClient.swift in Sources */,
				A6C2A0D4298F81A9001C52CE /* DeleteButton.swift in Sources */,
				A6C2A0D2298EDF67001C52CE /* ToolbarStatus.swift in Sources */,
				A6C2A0C3298E6B09001C52CE /* Quakes.swift in Sources */,
				A6317F4B298662C5003F57CC /* QuakeError.swift in Sources */,
				A6317F602986E15C003F57CC /* QuakeLocation.swift in Sources */,
				A6C2A0CA298E956C001C52CE /* SelectButton.swift in Sources */,
				A6C2A0DA298FF834001C52CE /* CacheEntryObject.swift in Sources */,
				A6C2A083298B9C56001C52CE /* TestDownloader.swift in Sources */,
				A6317F1E2982618A003F57CC /* ContentView.swift in Sources */,
				A6C2A0DF298FF94D001C52CE /* NSCache+Subscript.swift in Sources */,
				A6C2A0D8298F8428001C52CE /* Quake+Color.swift in Sources */,
				A608CA3B29958D1D008D9358 /* QuakeDetail.swift in Sources */,
				A6C2A0C8298E9474001C52CE /* Quakes+Toolbar.swift in Sources */,
				A6C2A0CE298ED681001C52CE /* EditButton.swift in Sources */,
				A6317F4929865E27003F57CC /* Quake.swift in Sources */,
				A6317F1C2982618A003F57CC /* EarthquakeApp.swift in Sources */,
			);
			runOnlyForDeploymentPostprocessing = 0;
		};
		A6317F4C29867F93003F57CC /* Sources */ = {
			isa = PBXSourcesBuildPhase;
			buildActionMask = 2147483647;
			files = (
				A6317F5329867F94003F57CC /* EarthquakeTests.swift in Sources */,
			);
			runOnlyForDeploymentPostprocessing = 0;
		};
/* End PBXSourcesBuildPhase section */

/* Begin PBXTargetDependency section */
		A608CA492999201D008D9358 /* PBXTargetDependency */ = {
			isa = PBXTargetDependency;
			target = A6317F172982618A003F57CC /* Earthquake */;
			targetProxy = A608CA482999201D008D9358 /* PBXContainerItemProxy */;
		};
		A6317F5529867F94003F57CC /* PBXTargetDependency */ = {
			isa = PBXTargetDependency;
			target = A6317F172982618A003F57CC /* Earthquake */;
			targetProxy = A6317F5429867F94003F57CC /* PBXContainerItemProxy */;
		};
/* End PBXTargetDependency section */

/* Begin PBXVariantGroup section */
		A6AEBB1B29993EC900446A93 /* Localizable.strings */ = {
			isa = PBXVariantGroup;
			children = (
				A6AEBB1C29993EC900446A93 /* ru */,
				A6AEBB1E29993F7F00446A93 /* en */,
			);
			name = Localizable.strings;
			sourceTree = "<group>";
		};
/* End PBXVariantGroup section */

/* Begin XCBuildConfiguration section */
		A608CA4B2999201E008D9358 /* Debug */ = {
			isa = XCBuildConfiguration;
			buildSettings = {
				CODE_SIGN_STYLE = Automatic;
				CURRENT_PROJECT_VERSION = 1;
				DEVELOPMENT_TEAM = CJ3K6UF4KJ;
				GENERATE_INFOPLIST_FILE = YES;
				MARKETING_VERSION = 1.0;
				PRODUCT_BUNDLE_IDENTIFIER = com.fonov.tutorial.EarthquakeUITests;
				PRODUCT_NAME = "$(TARGET_NAME)";
				SWIFT_EMIT_LOC_STRINGS = NO;
				SWIFT_VERSION = 5.0;
				TARGETED_DEVICE_FAMILY = "1,2";
				TEST_TARGET_NAME = Earthquake;
			};
			name = Debug;
		};
		A608CA4C2999201E008D9358 /* Release */ = {
			isa = XCBuildConfiguration;
			buildSettings = {
				CODE_SIGN_STYLE = Automatic;
				CURRENT_PROJECT_VERSION = 1;
				DEVELOPMENT_TEAM = CJ3K6UF4KJ;
				GENERATE_INFOPLIST_FILE = YES;
				MARKETING_VERSION = 1.0;
				PRODUCT_BUNDLE_IDENTIFIER = com.fonov.tutorial.EarthquakeUITests;
				PRODUCT_NAME = "$(TARGET_NAME)";
				SWIFT_EMIT_LOC_STRINGS = NO;
				SWIFT_VERSION = 5.0;
				TARGETED_DEVICE_FAMILY = "1,2";
				TEST_TARGET_NAME = Earthquake;
			};
			name = Release;
		};
		A6317F3A2982618B003F57CC /* Debug */ = {
			isa = XCBuildConfiguration;
			buildSettings = {
				ALWAYS_SEARCH_USER_PATHS = NO;
				CLANG_ANALYZER_NONNULL = YES;
				CLANG_ANALYZER_NUMBER_OBJECT_CONVERSION = YES_AGGRESSIVE;
				CLANG_CXX_LANGUAGE_STANDARD = "gnu++20";
				CLANG_ENABLE_MODULES = YES;
				CLANG_ENABLE_OBJC_ARC = YES;
				CLANG_ENABLE_OBJC_WEAK = YES;
				CLANG_WARN_BLOCK_CAPTURE_AUTORELEASING = YES;
				CLANG_WARN_BOOL_CONVERSION = YES;
				CLANG_WARN_COMMA = YES;
				CLANG_WARN_CONSTANT_CONVERSION = YES;
				CLANG_WARN_DEPRECATED_OBJC_IMPLEMENTATIONS = YES;
				CLANG_WARN_DIRECT_OBJC_ISA_USAGE = YES_ERROR;
				CLANG_WARN_DOCUMENTATION_COMMENTS = YES;
				CLANG_WARN_EMPTY_BODY = YES;
				CLANG_WARN_ENUM_CONVERSION = YES;
				CLANG_WARN_INFINITE_RECURSION = YES;
				CLANG_WARN_INT_CONVERSION = YES;
				CLANG_WARN_NON_LITERAL_NULL_CONVERSION = YES;
				CLANG_WARN_OBJC_IMPLICIT_RETAIN_SELF = YES;
				CLANG_WARN_OBJC_LITERAL_CONVERSION = YES;
				CLANG_WARN_OBJC_ROOT_CLASS = YES_ERROR;
				CLANG_WARN_QUOTED_INCLUDE_IN_FRAMEWORK_HEADER = YES;
				CLANG_WARN_RANGE_LOOP_ANALYSIS = YES;
				CLANG_WARN_STRICT_PROTOTYPES = YES;
				CLANG_WARN_SUSPICIOUS_MOVE = YES;
				CLANG_WARN_UNGUARDED_AVAILABILITY = YES_AGGRESSIVE;
				CLANG_WARN_UNREACHABLE_CODE = YES;
				CLANG_WARN__DUPLICATE_METHOD_MATCH = YES;
				COPY_PHASE_STRIP = NO;
				DEBUG_INFORMATION_FORMAT = dwarf;
				ENABLE_STRICT_OBJC_MSGSEND = YES;
				ENABLE_TESTABILITY = YES;
				GCC_C_LANGUAGE_STANDARD = gnu11;
				GCC_DYNAMIC_NO_PIC = NO;
				GCC_NO_COMMON_BLOCKS = YES;
				GCC_OPTIMIZATION_LEVEL = 0;
				GCC_PREPROCESSOR_DEFINITIONS = (
					"DEBUG=1",
					"$(inherited)",
				);
				GCC_WARN_64_TO_32_BIT_CONVERSION = YES;
				GCC_WARN_ABOUT_RETURN_TYPE = YES_ERROR;
				GCC_WARN_UNDECLARED_SELECTOR = YES;
				GCC_WARN_UNINITIALIZED_AUTOS = YES_AGGRESSIVE;
				GCC_WARN_UNUSED_FUNCTION = YES;
				GCC_WARN_UNUSED_VARIABLE = YES;
				IPHONEOS_DEPLOYMENT_TARGET = 16.2;
				MTL_ENABLE_DEBUG_INFO = INCLUDE_SOURCE;
				MTL_FAST_MATH = YES;
				ONLY_ACTIVE_ARCH = YES;
				SDKROOT = iphoneos;
				SWIFT_ACTIVE_COMPILATION_CONDITIONS = DEBUG;
				SWIFT_OPTIMIZATION_LEVEL = "-Onone";
			};
			name = Debug;
		};
		A6317F3B2982618B003F57CC /* Release */ = {
			isa = XCBuildConfiguration;
			buildSettings = {
				ALWAYS_SEARCH_USER_PATHS = NO;
				CLANG_ANALYZER_NONNULL = YES;
				CLANG_ANALYZER_NUMBER_OBJECT_CONVERSION = YES_AGGRESSIVE;
				CLANG_CXX_LANGUAGE_STANDARD = "gnu++20";
				CLANG_ENABLE_MODULES = YES;
				CLANG_ENABLE_OBJC_ARC = YES;
				CLANG_ENABLE_OBJC_WEAK = YES;
				CLANG_WARN_BLOCK_CAPTURE_AUTORELEASING = YES;
				CLANG_WARN_BOOL_CONVERSION = YES;
				CLANG_WARN_COMMA = YES;
				CLANG_WARN_CONSTANT_CONVERSION = YES;
				CLANG_WARN_DEPRECATED_OBJC_IMPLEMENTATIONS = YES;
				CLANG_WARN_DIRECT_OBJC_ISA_USAGE = YES_ERROR;
				CLANG_WARN_DOCUMENTATION_COMMENTS = YES;
				CLANG_WARN_EMPTY_BODY = YES;
				CLANG_WARN_ENUM_CONVERSION = YES;
				CLANG_WARN_INFINITE_RECURSION = YES;
				CLANG_WARN_INT_CONVERSION = YES;
				CLANG_WARN_NON_LITERAL_NULL_CONVERSION = YES;
				CLANG_WARN_OBJC_IMPLICIT_RETAIN_SELF = YES;
				CLANG_WARN_OBJC_LITERAL_CONVERSION = YES;
				CLANG_WARN_OBJC_ROOT_CLASS = YES_ERROR;
				CLANG_WARN_QUOTED_INCLUDE_IN_FRAMEWORK_HEADER = YES;
				CLANG_WARN_RANGE_LOOP_ANALYSIS = YES;
				CLANG_WARN_STRICT_PROTOTYPES = YES;
				CLANG_WARN_SUSPICIOUS_MOVE = YES;
				CLANG_WARN_UNGUARDED_AVAILABILITY = YES_AGGRESSIVE;
				CLANG_WARN_UNREACHABLE_CODE = YES;
				CLANG_WARN__DUPLICATE_METHOD_MATCH = YES;
				COPY_PHASE_STRIP = NO;
				DEBUG_INFORMATION_FORMAT = "dwarf-with-dsym";
				ENABLE_NS_ASSERTIONS = NO;
				ENABLE_STRICT_OBJC_MSGSEND = YES;
				GCC_C_LANGUAGE_STANDARD = gnu11;
				GCC_NO_COMMON_BLOCKS = YES;
				GCC_WARN_64_TO_32_BIT_CONVERSION = YES;
				GCC_WARN_ABOUT_RETURN_TYPE = YES_ERROR;
				GCC_WARN_UNDECLARED_SELECTOR = YES;
				GCC_WARN_UNINITIALIZED_AUTOS = YES_AGGRESSIVE;
				GCC_WARN_UNUSED_FUNCTION = YES;
				GCC_WARN_UNUSED_VARIABLE = YES;
				IPHONEOS_DEPLOYMENT_TARGET = 16.2;
				MTL_ENABLE_DEBUG_INFO = NO;
				MTL_FAST_MATH = YES;
				SDKROOT = iphoneos;
				SWIFT_COMPILATION_MODE = wholemodule;
				SWIFT_OPTIMIZATION_LEVEL = "-O";
				VALIDATE_PRODUCT = YES;
			};
			name = Release;
		};
		A6317F3D2982618B003F57CC /* Debug */ = {
			isa = XCBuildConfiguration;
			buildSettings = {
				ASSETCATALOG_COMPILER_APPICON_NAME = AppIcon;
				ASSETCATALOG_COMPILER_GLOBAL_ACCENT_COLOR_NAME = AccentColor;
				CODE_SIGN_STYLE = Automatic;
				CURRENT_PROJECT_VERSION = 1;
				DEVELOPMENT_ASSET_PATHS = "\"Earthquake/Preview Content\"";
				DEVELOPMENT_TEAM = CJ3K6UF4KJ;
				ENABLE_PREVIEWS = YES;
				GENERATE_INFOPLIST_FILE = YES;
				INFOPLIST_KEY_UIApplicationSceneManifest_Generation = YES;
				INFOPLIST_KEY_UIApplicationSupportsIndirectInputEvents = YES;
				INFOPLIST_KEY_UILaunchScreen_Generation = YES;
				INFOPLIST_KEY_UISupportedInterfaceOrientations_iPad = "UIInterfaceOrientationPortrait UIInterfaceOrientationPortraitUpsideDown UIInterfaceOrientationLandscapeLeft UIInterfaceOrientationLandscapeRight";
				INFOPLIST_KEY_UISupportedInterfaceOrientations_iPhone = "UIInterfaceOrientationPortrait UIInterfaceOrientationLandscapeLeft UIInterfaceOrientationLandscapeRight";
				LD_RUNPATH_SEARCH_PATHS = (
					"$(inherited)",
					"@executable_path/Frameworks",
				);
				MARKETING_VERSION = 1.0;
				PRODUCT_BUNDLE_IDENTIFIER = com.fonov.tutorial.Earthquake;
				PRODUCT_NAME = "$(TARGET_NAME)";
				SWIFT_EMIT_LOC_STRINGS = YES;
				SWIFT_VERSION = 5.0;
				TARGETED_DEVICE_FAMILY = "1,2";
			};
			name = Debug;
		};
		A6317F3E2982618B003F57CC /* Release */ = {
			isa = XCBuildConfiguration;
			buildSettings = {
				ASSETCATALOG_COMPILER_APPICON_NAME = AppIcon;
				ASSETCATALOG_COMPILER_GLOBAL_ACCENT_COLOR_NAME = AccentColor;
				CODE_SIGN_STYLE = Automatic;
				CURRENT_PROJECT_VERSION = 1;
				DEVELOPMENT_ASSET_PATHS = "\"Earthquake/Preview Content\"";
				DEVELOPMENT_TEAM = CJ3K6UF4KJ;
				ENABLE_PREVIEWS = YES;
				GENERATE_INFOPLIST_FILE = YES;
				INFOPLIST_KEY_UIApplicationSceneManifest_Generation = YES;
				INFOPLIST_KEY_UIApplicationSupportsIndirectInputEvents = YES;
				INFOPLIST_KEY_UILaunchScreen_Generation = YES;
				INFOPLIST_KEY_UISupportedInterfaceOrientations_iPad = "UIInterfaceOrientationPortrait UIInterfaceOrientationPortraitUpsideDown UIInterfaceOrientationLandscapeLeft UIInterfaceOrientationLandscapeRight";
				INFOPLIST_KEY_UISupportedInterfaceOrientations_iPhone = "UIInterfaceOrientationPortrait UIInterfaceOrientationLandscapeLeft UIInterfaceOrientationLandscapeRight";
				LD_RUNPATH_SEARCH_PATHS = (
					"$(inherited)",
					"@executable_path/Frameworks",
				);
				MARKETING_VERSION = 1.0;
				PRODUCT_BUNDLE_IDENTIFIER = com.fonov.tutorial.Earthquake;
				PRODUCT_NAME = "$(TARGET_NAME)";
				SWIFT_EMIT_LOC_STRINGS = YES;
				SWIFT_VERSION = 5.0;
				TARGETED_DEVICE_FAMILY = "1,2";
			};
			name = Release;
		};
		A6317F5729867F94003F57CC /* Debug */ = {
			isa = XCBuildConfiguration;
			buildSettings = {
				BUNDLE_LOADER = "$(TEST_HOST)";
				CODE_SIGN_STYLE = Automatic;
				CURRENT_PROJECT_VERSION = 1;
				DEVELOPMENT_TEAM = CJ3K6UF4KJ;
				GENERATE_INFOPLIST_FILE = YES;
				MARKETING_VERSION = 1.0;
				PRODUCT_BUNDLE_IDENTIFIER = com.fonov.tutorial.EarthquakeTests;
				PRODUCT_NAME = "$(TARGET_NAME)";
				SWIFT_EMIT_LOC_STRINGS = NO;
				SWIFT_VERSION = 5.0;
				TARGETED_DEVICE_FAMILY = "1,2";
				TEST_HOST = "$(BUILT_PRODUCTS_DIR)/Earthquake.app/$(BUNDLE_EXECUTABLE_FOLDER_PATH)/Earthquake";
			};
			name = Debug;
		};
		A6317F5829867F94003F57CC /* Release */ = {
			isa = XCBuildConfiguration;
			buildSettings = {
				BUNDLE_LOADER = "$(TEST_HOST)";
				CODE_SIGN_STYLE = Automatic;
				CURRENT_PROJECT_VERSION = 1;
				DEVELOPMENT_TEAM = CJ3K6UF4KJ;
				GENERATE_INFOPLIST_FILE = YES;
				MARKETING_VERSION = 1.0;
				PRODUCT_BUNDLE_IDENTIFIER = com.fonov.tutorial.EarthquakeTests;
				PRODUCT_NAME = "$(TARGET_NAME)";
				SWIFT_EMIT_LOC_STRINGS = NO;
				SWIFT_VERSION = 5.0;
				TARGETED_DEVICE_FAMILY = "1,2";
				TEST_HOST = "$(BUILT_PRODUCTS_DIR)/Earthquake.app/$(BUNDLE_EXECUTABLE_FOLDER_PATH)/Earthquake";
			};
			name = Release;
		};
/* End XCBuildConfiguration section */

/* Begin XCConfigurationList section */
		A608CA4A2999201E008D9358 /* Build configuration list for PBXNativeTarget "EarthquakeUITests" */ = {
			isa = XCConfigurationList;
			buildConfigurations = (
				A608CA4B2999201E008D9358 /* Debug */,
				A608CA4C2999201E008D9358 /* Release */,
			);
			defaultConfigurationIsVisible = 0;
			defaultConfigurationName = Release;
		};
		A6317F132982618A003F57CC /* Build configuration list for PBXProject "Earthquake" */ = {
			isa = XCConfigurationList;
			buildConfigurations = (
				A6317F3A2982618B003F57CC /* Debug */,
				A6317F3B2982618B003F57CC /* Release */,
			);
			defaultConfigurationIsVisible = 0;
			defaultConfigurationName = Release;
		};
		A6317F3C2982618B003F57CC /* Build configuration list for PBXNativeTarget "Earthquake" */ = {
			isa = XCConfigurationList;
			buildConfigurations = (
				A6317F3D2982618B003F57CC /* Debug */,
				A6317F3E2982618B003F57CC /* Release */,
			);
			defaultConfigurationIsVisible = 0;
			defaultConfigurationName = Release;
		};
		A6317F5629867F94003F57CC /* Build configuration list for PBXNativeTarget "EarthquakeTests" */ = {
			isa = XCConfigurationList;
			buildConfigurations = (
				A6317F5729867F94003F57CC /* Debug */,
				A6317F5829867F94003F57CC /* Release */,
			);
			defaultConfigurationIsVisible = 0;
			defaultConfigurationName = Release;
		};
/* End XCConfigurationList section */
	};
	rootObject = A6317F102982618A003F57CC /* Project object */;
}
